
Microsoft Visual Studio Solution File, Format Version 12.00
# Visual Studio Version 16
VisualStudioVersion = 16.0.31727.386
MinimumVisualStudioVersion = 10.0.40219.1
Project("{FAE04EC0-301F-11D3-BF4B-00C04F79EFBC}") = "Question 6", "Question 6.csproj", "{2F365652-C1F7-42C6-968E-CCB46AED601E}"
EndProject
Global
	GlobalSection(SolutionConfigurationPlatforms) = preSolution
		Debug|Any CPU = Debug|Any CPU
		Release|Any CPU = Release|Any CPU
	EndGlobalSection
	GlobalSection(ProjectConfigurationPlatforms) = postSolution
		{2F365652-C1F7-42C6-968E-CCB46AED601E}.Debug|Any CPU.ActiveCfg = Debug|Any CPU
		{2F365652-C1F7-42C6-968E-CCB46AED601E}.Debug|Any CPU.Build.0 = Debug|Any CPU
		{2F365652-C1F7-42C6-968E-CCB46AED601E}.Release|Any CPU.ActiveCfg = Release|Any CPU
		{2F365652-C1F7-42C6-968E-CCB46AED601E}.Release|Any CPU.Build.0 = Release|Any CPU
	EndGlobalSection
	GlobalSection(SolutionProperties) = preSolution
		HideSolutionNode = FALSE
	EndGlobalSection
	GlobalSection(ExtensibilityGlobals) = postSolution
		SolutionGuid = {43345B56-DB86-47AB-ABC1-9EB6B2361C16}
	EndGlobalSection
EndGlobal
