
Microsoft Visual Studio Solution File, Format Version 12.00
# Visual Studio Version 16
VisualStudioVersion = 16.0.31727.386
MinimumVisualStudioVersion = 10.0.40219.1
Project("{FAE04EC0-301F-11D3-BF4B-00C04F79EFBC}") = "Question 24", "Question 24.csproj", "{01563FC9-80F4-417C-8C02-344868C5E696}"
EndProject
Global
	GlobalSection(SolutionConfigurationPlatforms) = preSolution
		Debug|Any CPU = Debug|Any CPU
		Release|Any CPU = Release|Any CPU
	EndGlobalSection
	GlobalSection(ProjectConfigurationPlatforms) = postSolution
		{01563FC9-80F4-417C-8C02-344868C5E696}.Debug|Any CPU.ActiveCfg = Debug|Any CPU
		{01563FC9-80F4-417C-8C02-344868C5E696}.Debug|Any CPU.Build.0 = Debug|Any CPU
		{01563FC9-80F4-417C-8C02-344868C5E696}.Release|Any CPU.ActiveCfg = Release|Any CPU
		{01563FC9-80F4-417C-8C02-344868C5E696}.Release|Any CPU.Build.0 = Release|Any CPU
	EndGlobalSection
	GlobalSection(SolutionProperties) = preSolution
		HideSolutionNode = FALSE
	EndGlobalSection
	GlobalSection(ExtensibilityGlobals) = postSolution
		SolutionGuid = {B35FB1BF-D356-4AB9-823F-C59B7064E58E}
	EndGlobalSection
EndGlobal
