
Microsoft Visual Studio Solution File, Format Version 12.00
# Visual Studio Version 16
VisualStudioVersion = 16.0.31727.386
MinimumVisualStudioVersion = 10.0.40219.1
Project("{FAE04EC0-301F-11D3-BF4B-00C04F79EFBC}") = "Question 5", "Question 5.csproj", "{5D74A8FF-F79E-445A-8787-1508205599A5}"
EndProject
Global
	GlobalSection(SolutionConfigurationPlatforms) = preSolution
		Debug|Any CPU = Debug|Any CPU
		Release|Any CPU = Release|Any CPU
	EndGlobalSection
	GlobalSection(ProjectConfigurationPlatforms) = postSolution
		{5D74A8FF-F79E-445A-8787-1508205599A5}.Debug|Any CPU.ActiveCfg = Debug|Any CPU
		{5D74A8FF-F79E-445A-8787-1508205599A5}.Debug|Any CPU.Build.0 = Debug|Any CPU
		{5D74A8FF-F79E-445A-8787-1508205599A5}.Release|Any CPU.ActiveCfg = Release|Any CPU
		{5D74A8FF-F79E-445A-8787-1508205599A5}.Release|Any CPU.Build.0 = Release|Any CPU
	EndGlobalSection
	GlobalSection(SolutionProperties) = preSolution
		HideSolutionNode = FALSE
	EndGlobalSection
	GlobalSection(ExtensibilityGlobals) = postSolution
		SolutionGuid = {2E647F34-D03A-4AE4-A9A0-F11EE1E86E70}
	EndGlobalSection
EndGlobal
